
Microsoft Visual Studio Solution File, Format Version 12.00
# Visual Studio Version 16
VisualStudioVersion = 16.0.30309.148
MinimumVisualStudioVersion = 10.0.40219.1
Project("{FAE04EC0-301F-11D3-BF4B-00C04F79EFBC}") = "FindTheNumberWebAPI", "FindTheNumberWebAPI.csproj", "{D94951C8-EEE0-4FDE-8389-DD6D2A35E068}"
EndProject
Global
	GlobalSection(SolutionConfigurationPlatforms) = preSolution
		Debug|Any CPU = Debug|Any CPU
		Release|Any CPU = Release|Any CPU
	EndGlobalSection
	GlobalSection(ProjectConfigurationPlatforms) = postSolution
		{D94951C8-EEE0-4FDE-8389-DD6D2A35E068}.Debug|Any CPU.ActiveCfg = Debug|Any CPU
		{D94951C8-EEE0-4FDE-8389-DD6D2A35E068}.Debug|Any CPU.Build.0 = Debug|Any CPU
		{D94951C8-EEE0-4FDE-8389-DD6D2A35E068}.Release|Any CPU.ActiveCfg = Release|Any CPU
		{D94951C8-EEE0-4FDE-8389-DD6D2A35E068}.Release|Any CPU.Build.0 = Release|Any CPU
	EndGlobalSection
	GlobalSection(SolutionProperties) = preSolution
		HideSolutionNode = FALSE
	EndGlobalSection
	GlobalSection(ExtensibilityGlobals) = postSolution
		SolutionGuid = {ACC43B7B-ACC4-485E-BB09-45F06CF276AF}
	EndGlobalSection
EndGlobal
